# THIS IS AN AUTOGENERATED FILE. DO NOT EDIT THIS FILE DIRECTLY.
# yarn lockfile v1


"@tauri-apps/cli-linux-x64-gnu@2.0.4":
  version "2.0.4"
  resolved "https://registry.npmjs.org/@tauri-apps/cli-linux-x64-gnu/-/cli-linux-x64-gnu-2.0.4.tgz"
  integrity sha512-Iq1GGJb+oT1T0ZV8izrgf0cBtlzPCJaWcNueRbf1ZXquMf+FSTyQv+/Lo8rq5T6buOIJOH7cAOTuEWWqiCZteg==

"@tauri-apps/cli-linux-x64-musl@2.0.4":
  version "2.0.4"
  resolved "https://registry.npmjs.org/@tauri-apps/cli-linux-x64-musl/-/cli-linux-x64-musl-2.0.4.tgz"
  integrity sha512-9NTk6Pf0bSwXqCBdAA+PDYts9HeHebZzIo8mbRzRyUbER6QngG5HZb9Ka36Z1QWtJjdRy6uxSb4zb/9NuTeHfA==

"@tauri-apps/cli@^2":
  version "2.0.4"
  resolved "https://registry.npmjs.org/@tauri-apps/cli/-/cli-2.0.4.tgz"
  integrity sha512-Hl9eFXz+O366+6su9PfaSzu2EJdFe1p8K8ghkWmi40dz8VmSE7vsMTaOStD0I71ckSOkh2ICDX7FQTBgjlpjWw==
  optionalDependencies:
    "@tauri-apps/cli-darwin-arm64" "2.0.4"
    "@tauri-apps/cli-darwin-x64" "2.0.4"
    "@tauri-apps/cli-linux-arm-gnueabihf" "2.0.4"
    "@tauri-apps/cli-linux-arm64-gnu" "2.0.4"
    "@tauri-apps/cli-linux-arm64-musl" "2.0.4"
    "@tauri-apps/cli-linux-x64-gnu" "2.0.4"
    "@tauri-apps/cli-linux-x64-musl" "2.0.4"
    "@tauri-apps/cli-win32-arm64-msvc" "2.0.4"
    "@tauri-apps/cli-win32-ia32-msvc" "2.0.4"
    "@tauri-apps/cli-win32-x64-msvc" "2.0.4"
